// !$*UTF8*$!
{
	archiveVersion = 1;
	classes = {
	};
	objectVersion = 77;
	objects = {

/* Begin PBXContainerItemProxy section */
		08D813F42D128FEC00C2CD96 /* PBXContainerItemProxy */ = {
			isa = PBXContainerItemProxy;
			containerPortal = 08D813DB2D128FE800C2CD96 /* Project object */;
			proxyType = 1;
			remoteGlobalIDString = 08D813E22D128FE800C2CD96;
			remoteInfo = CoreBlueToothVerification;
		};
		08D813FE2D128FEC00C2CD96 /* PBXContainerItemProxy */ = {
			isa = PBXContainerItemProxy;
			containerPortal = 08D813DB2D128FE800C2CD96 /* Project object */;
			proxyType = 1;
			remoteGlobalIDString = 08D813E22D128FE800C2CD96;
			remoteInfo = CoreBlueToothVerification;
		};
/* End PBXContainerItemProxy section */

/* Begin PBXFileReference section */
		08D813E32D128FE800C2CD96 /* CoreBlueToothVerification.app */ = {isa = PBXFileReference; explicitFileType = wrapper.application; includeInIndex = 0; path = CoreBlueToothVerification.app; sourceTree = BUILT_PRODUCTS_DIR; };
		08D813F32D128FEC00C2CD96 /* CoreBlueToothVerificationTests.xctest */ = {isa = PBXFileReference; explicitFileType = wrapper.cfbundle; includeInIndex = 0; path = CoreBlueToothVerificationTests.xctest; sourceTree = BUILT_PRODUCTS_DIR; };
		08D813FD2D128FEC00C2CD96 /* CoreBlueToothVerificationUITests.xctest */ = {isa = PBXFileReference; explicitFileType = wrapper.cfbundle; includeInIndex = 0; path = CoreBlueToothVerificationUITests.xctest; sourceTree = BUILT_PRODUCTS_DIR; };
/* End PBXFileReference section */

/* Begin PBXFileSystemSynchronizedBuildFileExceptionSet section */
		0891BD4C2D141B6D00AD05A8 /* Exceptions for "CoreBlueToothVerification" folder in "CoreBlueToothVerification" target */ = {
			isa = PBXFileSystemSynchronizedBuildFileExceptionSet;
			membershipExceptions = (
				Info.plist,
			);
			target = 08D813E22D128FE800C2CD96 /* CoreBlueToothVerification */;
		};
/* End PBXFileSystemSynchronizedBuildFileExceptionSet section */

/* Begin PBXFileSystemSynchronizedRootGroup section */
		08D813E52D128FE800C2CD96 /* CoreBlueToothVerification */ = {
			isa = PBXFileSystemSynchronizedRootGroup;
			exceptions = (
				0891BD4C2D141B6D00AD05A8 /* Exceptions for "CoreBlueToothVerification" folder in "CoreBlueToothVerification" target */,
			);
			path = CoreBlueToothVerification;
			sourceTree = "<group>";
		};
		08D813F62D128FEC00C2CD96 /* CoreBlueToothVerificationTests */ = {
			isa = PBXFileSystemSynchronizedRootGroup;
			path = CoreBlueToothVerificationTests;
			sourceTree = "<group>";
		};
		08D814002D128FEC00C2CD96 /* CoreBlueToothVerificationUITests */ = {
			isa = PBXFileSystemSynchronizedRootGroup;
			path = CoreBlueToothVerificationUITests;
			sourceTree = "<group>";
		};
/* End PBXFileSystemSynchronizedRootGroup section */

/* Begin PBXFrameworksBuildPhase section */
		08D813E02D128FE800C2CD96 /* Frameworks */ = {
			isa = PBXFrameworksBuildPhase;
			buildActionMask = 2147483647;
			files = (
			);
			runOnlyForDeploymentPostprocessing = 0;
		};
		08D813F02D128FEC00C2CD96 /* Frameworks */ = {
			isa = PBXFrameworksBuildPhase;
			buildActionMask = 2147483647;
			files = (
			);
			runOnlyForDeploymentPostprocessing = 0;
		};
		08D813FA2D128FEC00C2CD96 /* Frameworks */ = {
			isa = PBXFrameworksBuildPhase;
			buildActionMask = 2147483647;
			files = (
			);
			runOnlyForDeploymentPostprocessing = 0;
		};
/* End PBXFrameworksBuildPhase section */

/* Begin PBXGroup section */
		08D813DA2D128FE800C2CD96 = {
			isa = PBXGroup;
			children = (
				08D813E52D128FE800C2CD96 /* CoreBlueToothVerification */,
				08D813F62D128FEC00C2CD96 /* CoreBlueToothVerificationTests */,
				08D814002D128FEC00C2CD96 /* CoreBlueToothVerificationUITests */,
				08D813E42D128FE800C2CD96 /* Products */,
			);
			sourceTree = "<group>";
		};
		08D813E42D128FE800C2CD96 /* Products */ = {
			isa = PBXGroup;
			children = (
				08D813E32D128FE800C2CD96 /* CoreBlueToothVerification.app */,
				08D813F32D128FEC00C2CD96 /* CoreBlueToothVerificationTests.xctest */,
				08D813FD2D128FEC00C2CD96 /* CoreBlueToothVerificationUITests.xctest */,
			);
			name = Products;
			sourceTree = "<group>";
		};
/* End PBXGroup section */

/* Begin PBXNativeTarget section */
		08D813E22D128FE800C2CD96 /* CoreBlueToothVerification */ = {
			isa = PBXNativeTarget;
			buildConfigurationList = 08D814072D128FEC00C2CD96 /* Build configuration list for PBXNativeTarget "CoreBlueToothVerification" */;
			buildPhases = (
				08D813DF2D128FE800C2CD96 /* Sources */,
				08D813E02D128FE800C2CD96 /* Frameworks */,
				08D813E12D128FE800C2CD96 /* Resources */,
			);
			buildRules = (
			);
			dependencies = (
			);
			fileSystemSynchronizedGroups = (
				08D813E52D128FE800C2CD96 /* CoreBlueToothVerification */,
			);
			name = CoreBlueToothVerification;
			packageProductDependencies = (
			);
			productName = CoreBlueToothVerification;
			productReference = 08D813E32D128FE800C2CD96 /* CoreBlueToothVerification.app */;
			productType = "com.apple.product-type.application";
		};
		08D813F22D128FEC00C2CD96 /* CoreBlueToothVerificationTests */ = {
			isa = PBXNativeTarget;
			buildConfigurationList = 08D8140A2D128FEC00C2CD96 /* Build configuration list for PBXNativeTarget "CoreBlueToothVerificationTests" */;
			buildPhases = (
				08D813EF2D128FEC00C2CD96 /* Sources */,
				08D813F02D128FEC00C2CD96 /* Frameworks */,
				08D813F12D128FEC00C2CD96 /* Resources */,
			);
			buildRules = (
			);
			dependencies = (
				08D813F52D128FEC00C2CD96 /* PBXTargetDependency */,
			);
			fileSystemSynchronizedGroups = (
				08D813F62D128FEC00C2CD96 /* CoreBlueToothVerificationTests */,
			);
			name = CoreBlueToothVerificationTests;
			packageProductDependencies = (
			);
			productName = CoreBlueToothVerificationTests;
			productReference = 08D813F32D128FEC00C2CD96 /* CoreBlueToothVerificationTests.xctest */;
			productType = "com.apple.product-type.bundle.unit-test";
		};
		08D813FC2D128FEC00C2CD96 /* CoreBlueToothVerificationUITests */ = {
			isa = PBXNativeTarget;
			buildConfigurationList = 08D8140D2D128FEC00C2CD96 /* Build configuration list for PBXNativeTarget "CoreBlueToothVerificationUITests" */;
			buildPhases = (
				08D813F92D128FEC00C2CD96 /* Sources */,
				08D813FA2D128FEC00C2CD96 /* Frameworks */,
				08D813FB2D128FEC00C2CD96 /* Resources */,
			);
			buildRules = (
			);
			dependencies = (
				08D813FF2D128FEC00C2CD96 /* PBXTargetDependency */,
			);
			fileSystemSynchronizedGroups = (
				08D814002D128FEC00C2CD96 /* CoreBlueToothVerificationUITests */,
			);
			name = CoreBlueToothVerificationUITests;
			packageProductDependencies = (
			);
			productName = CoreBlueToothVerificationUITests;
			productReference = 08D813FD2D128FEC00C2CD96 /* CoreBlueToothVerificationUITests.xctest */;
			productType = "com.apple.product-type.bundle.ui-testing";
		};
/* End PBXNativeTarget section */

/* Begin PBXProject section */
		08D813DB2D128FE800C2CD96 /* Project object */ = {
			isa = PBXProject;
			attributes = {
				BuildIndependentTargetsInParallel = 1;
				LastSwiftUpdateCheck = 1600;
				LastUpgradeCheck = 1600;
				TargetAttributes = {
					08D813E22D128FE800C2CD96 = {
						CreatedOnToolsVersion = 16.0;
					};
					08D813F22D128FEC00C2CD96 = {
						CreatedOnToolsVersion = 16.0;
						TestTargetID = 08D813E22D128FE800C2CD96;
					};
					08D813FC2D128FEC00C2CD96 = {
						CreatedOnToolsVersion = 16.0;
						TestTargetID = 08D813E22D128FE800C2CD96;
					};
				};
			};
			buildConfigurationList = 08D813DE2D128FE800C2CD96 /* Build configuration list for PBXProject "CoreBlueToothVerification" */;
			developmentRegion = en;
			hasScannedForEncodings = 0;
			knownRegions = (
				en,
				Base,
			);
			mainGroup = 08D813DA2D128FE800C2CD96;
			minimizedProjectReferenceProxies = 1;
			preferredProjectObjectVersion = 77;
			productRefGroup = 08D813E42D128FE800C2CD96 /* Products */;
			projectDirPath = "";
			projectRoot = "";
			targets = (
				08D813E22D128FE800C2CD96 /* CoreBlueToothVerification */,
				08D813F22D128FEC00C2CD96 /* CoreBlueToothVerificationTests */,
				08D813FC2D128FEC00C2CD96 /* CoreBlueToothVerificationUITests */,
			);
		};
/* End PBXProject section */

/* Begin PBXResourcesBuildPhase section */
		08D813E12D128FE800C2CD96 /* Resources */ = {
			isa = PBXResourcesBuildPhase;
			buildActionMask = 2147483647;
			files = (
			);
			runOnlyForDeploymentPostprocessing = 0;
		};
		08D813F12D128FEC00C2CD96 /* Resources */ = {
			isa = PBXResourcesBuildPhase;
			buildActionMask = 2147483647;
			files = (
			);
			runOnlyForDeploymentPostprocessing = 0;
		};
		08D813FB2D128FEC00C2CD96 /* Resources */ = {
			isa = PBXResourcesBuildPhase;
			buildActionMask = 2147483647;
			files = (
			);
			runOnlyForDeploymentPostprocessing = 0;
		};
/* End PBXResourcesBuildPhase section */

/* Begin PBXSourcesBuildPhase section */
		08D813DF2D128FE800C2CD96 /* Sources */ = {
			isa = PBXSourcesBuildPhase;
			buildActionMask = 2147483647;
			files = (
			);
			runOnlyForDeploymentPostprocessing = 0;
		};
		08D813EF2D128FEC00C2CD96 /* Sources */ = {
			isa = PBXSourcesBuildPhase;
			buildActionMask = 2147483647;
			files = (
			);
			runOnlyForDeploymentPostprocessing = 0;
		};
		08D813F92D128FEC00C2CD96 /* Sources */ = {
			isa = PBXSourcesBuildPhase;
			buildActionMask = 2147483647;
			files = (
			);
			runOnlyForDeploymentPostprocessing = 0;
		};
/* End PBXSourcesBuildPhase section */

/* Begin PBXTargetDependency section */
		08D813F52D128FEC00C2CD96 /* PBXTargetDependency */ = {
			isa = PBXTargetDependency;
			target = 08D813E22D128FE800C2CD96 /* CoreBlueToothVerification */;
			targetProxy = 08D813F42D128FEC00C2CD96 /* PBXContainerItemProxy */;
		};
		08D813FF2D128FEC00C2CD96 /* PBXTargetDependency */ = {
			isa = PBXTargetDependency;
			target = 08D813E22D128FE800C2CD96 /* CoreBlueToothVerification */;
			targetProxy = 08D813FE2D128FEC00C2CD96 /* PBXContainerItemProxy */;
		};
/* End PBXTargetDependency section */

/* Begin XCBuildConfiguration section */
		08D814052D128FEC00C2CD96 /* Debug */ = {
			isa = XCBuildConfiguration;
			buildSettings = {
				ALWAYS_SEARCH_USER_PATHS = NO;
				ASSETCATALOG_COMPILER_GENERATE_SWIFT_ASSET_SYMBOL_EXTENSIONS = YES;
				CLANG_ANALYZER_NONNULL = YES;
				CLANG_ANALYZER_NUMBER_OBJECT_CONVERSION = YES_AGGRESSIVE;
				CLANG_CXX_LANGUAGE_STANDARD = "gnu++20";
				CLANG_ENABLE_MODULES = YES;
				CLANG_ENABLE_OBJC_ARC = YES;
				CLANG_ENABLE_OBJC_WEAK = YES;
				CLANG_WARN_BLOCK_CAPTURE_AUTORELEASING = YES;
				CLANG_WARN_BOOL_CONVERSION = YES;
				CLANG_WARN_COMMA = YES;
				CLANG_WARN_CONSTANT_CONVERSION = YES;
				CLANG_WARN_DEPRECATED_OBJC_IMPLEMENTATIONS = YES;
				CLANG_WARN_DIRECT_OBJC_ISA_USAGE = YES_ERROR;
				CLANG_WARN_DOCUMENTATION_COMMENTS = YES;
				CLANG_WARN_EMPTY_BODY = YES;
				CLANG_WARN_ENUM_CONVERSION = YES;
				CLANG_WARN_INFINITE_RECURSION = YES;
				CLANG_WARN_INT_CONVERSION = YES;
				CLANG_WARN_NON_LITERAL_NULL_CONVERSION = YES;
				CLANG_WARN_OBJC_IMPLICIT_RETAIN_SELF = YES;
				CLANG_WARN_OBJC_LITERAL_CONVERSION = YES;
				CLANG_WARN_OBJC_ROOT_CLASS = YES_ERROR;
				CLANG_WARN_QUOTED_INCLUDE_IN_FRAMEWORK_HEADER = YES;
				CLANG_WARN_RANGE_LOOP_ANALYSIS = YES;
				CLANG_WARN_STRICT_PROTOTYPES = YES;
				CLANG_WARN_SUSPICIOUS_MOVE = YES;
				CLANG_WARN_UNGUARDED_AVAILABILITY = YES_AGGRESSIVE;
				CLANG_WARN_UNREACHABLE_CODE = YES;
				CLANG_WARN__DUPLICATE_METHOD_MATCH = YES;
				COPY_PHASE_STRIP = NO;
				DEBUG_INFORMATION_FORMAT = dwarf;
				ENABLE_STRICT_OBJC_MSGSEND = YES;
				ENABLE_TESTABILITY = YES;
				ENABLE_USER_SCRIPT_SANDBOXING = YES;
				GCC_C_LANGUAGE_STANDARD = gnu17;
				GCC_DYNAMIC_NO_PIC = NO;
				GCC_NO_COMMON_BLOCKS = YES;
				GCC_OPTIMIZATION_LEVEL = 0;
				GCC_PREPROCESSOR_DEFINITIONS = (
					"DEBUG=1",
					"$(inherited)",
				);
				GCC_WARN_64_TO_32_BIT_CONVERSION = YES;
				GCC_WARN_ABOUT_RETURN_TYPE = YES_ERROR;
				GCC_WARN_UNDECLARED_SELECTOR = YES;
				GCC_WARN_UNINITIALIZED_AUTOS = YES_AGGRESSIVE;
				GCC_WARN_UNUSED_FUNCTION = YES;
				GCC_WARN_UNUSED_VARIABLE = YES;
				IPHONEOS_DEPLOYMENT_TARGET = 18.0;
				LOCALIZATION_PREFERS_STRING_CATALOGS = YES;
				MTL_ENABLE_DEBUG_INFO = INCLUDE_SOURCE;
				MTL_FAST_MATH = YES;
				ONLY_ACTIVE_ARCH = YES;
				SDKROOT = iphoneos;
				SWIFT_ACTIVE_COMPILATION_CONDITIONS = "DEBUG $(inherited)";
				SWIFT_OPTIMIZATION_LEVEL = "-Onone";
			};
			name = Debug;
		};
		08D814062D128FEC00C2CD96 /* Release */ = {
			isa = XCBuildConfiguration;
			buildSettings = {
				ALWAYS_SEARCH_USER_PATHS = NO;
				ASSETCATALOG_COMPILER_GENERATE_SWIFT_ASSET_SYMBOL_EXTENSIONS = YES;
				CLANG_ANALYZER_NONNULL = YES;
				CLANG_ANALYZER_NUMBER_OBJECT_CONVERSION = YES_AGGRESSIVE;
				CLANG_CXX_LANGUAGE_STANDARD = "gnu++20";
				CLANG_ENABLE_MODULES = YES;
				CLANG_ENABLE_OBJC_ARC = YES;
				CLANG_ENABLE_OBJC_WEAK = YES;
				CLANG_WARN_BLOCK_CAPTURE_AUTORELEASING = YES;
				CLANG_WARN_BOOL_CONVERSION = YES;
				CLANG_WARN_COMMA = YES;
				CLANG_WARN_CONSTANT_CONVERSION = YES;
				CLANG_WARN_DEPRECATED_OBJC_IMPLEMENTATIONS = YES;
				CLANG_WARN_DIRECT_OBJC_ISA_USAGE = YES_ERROR;
				CLANG_WARN_DOCUMENTATION_COMMENTS = YES;
				CLANG_WARN_EMPTY_BODY = YES;
				CLANG_WARN_ENUM_CONVERSION = YES;
				CLANG_WARN_INFINITE_RECURSION = YES;
				CLANG_WARN_INT_CONVERSION = YES;
				CLANG_WARN_NON_LITERAL_NULL_CONVERSION = YES;
				CLANG_WARN_OBJC_IMPLICIT_RETAIN_SELF = YES;
				CLANG_WARN_OBJC_LITERAL_CONVERSION = YES;
				CLANG_WARN_OBJC_ROOT_CLASS = YES_ERROR;
				CLANG_WARN_QUOTED_INCLUDE_IN_FRAMEWORK_HEADER = YES;
				CLANG_WARN_RANGE_LOOP_ANALYSIS = YES;
				CLANG_WARN_STRICT_PROTOTYPES = YES;
				CLANG_WARN_SUSPICIOUS_MOVE = YES;
				CLANG_WARN_UNGUARDED_AVAILABILITY = YES_AGGRESSIVE;
				CLANG_WARN_UNREACHABLE_CODE = YES;
				CLANG_WARN__DUPLICATE_METHOD_MATCH = YES;
				COPY_PHASE_STRIP = NO;
				DEBUG_INFORMATION_FORMAT = "dwarf-with-dsym";
				ENABLE_NS_ASSERTIONS = NO;
				ENABLE_STRICT_OBJC_MSGSEND = YES;
				ENABLE_USER_SCRIPT_SANDBOXING = YES;
				GCC_C_LANGUAGE_STANDARD = gnu17;
				GCC_NO_COMMON_BLOCKS = YES;
				GCC_WARN_64_TO_32_BIT_CONVERSION = YES;
				GCC_WARN_ABOUT_RETURN_TYPE = YES_ERROR;
				GCC_WARN_UNDECLARED_SELECTOR = YES;
				GCC_WARN_UNINITIALIZED_AUTOS = YES_AGGRESSIVE;
				GCC_WARN_UNUSED_FUNCTION = YES;
				GCC_WARN_UNUSED_VARIABLE = YES;
				IPHONEOS_DEPLOYMENT_TARGET = 18.0;
				LOCALIZATION_PREFERS_STRING_CATALOGS = YES;
				MTL_ENABLE_DEBUG_INFO = NO;
				MTL_FAST_MATH = YES;
				SDKROOT = iphoneos;
				SWIFT_COMPILATION_MODE = wholemodule;
				VALIDATE_PRODUCT = YES;
			};
			name = Release;
		};
		08D814082D128FEC00C2CD96 /* Debug */ = {
			isa = XCBuildConfiguration;
			buildSettings = {
				ASSETCATALOG_COMPILER_APPICON_NAME = AppIcon;
				ASSETCATALOG_COMPILER_GLOBAL_ACCENT_COLOR_NAME = AccentColor;
				CODE_SIGN_STYLE = Automatic;
				CURRENT_PROJECT_VERSION = 1;
				DEVELOPMENT_ASSET_PATHS = "\"CoreBlueToothVerification/Preview Content\"";
				DEVELOPMENT_TEAM = 5285K4Z956;
				ENABLE_PREVIEWS = YES;
				GENERATE_INFOPLIST_FILE = YES;
				INFOPLIST_FILE = "$(SRCROOT)/CoreBlueToothVerification/Info.plist";
				INFOPLIST_KEY_LSApplicationCategoryType = "";
				INFOPLIST_KEY_NSBluetoothAlwaysUsageDescription = "BlueTooth使用します";
				INFOPLIST_KEY_UIApplicationSceneManifest_Generation = YES;
				INFOPLIST_KEY_UIApplicationSupportsIndirectInputEvents = YES;
				INFOPLIST_KEY_UILaunchScreen_Generation = YES;
				INFOPLIST_KEY_UISupportedInterfaceOrientations_iPad = "UIInterfaceOrientationPortrait UIInterfaceOrientationPortraitUpsideDown UIInterfaceOrientationLandscapeLeft UIInterfaceOrientationLandscapeRight";
				INFOPLIST_KEY_UISupportedInterfaceOrientations_iPhone = "UIInterfaceOrientationPortrait UIInterfaceOrientationLandscapeLeft UIInterfaceOrientationLandscapeRight";
				LD_RUNPATH_SEARCH_PATHS = (
					"$(inherited)",
					"@executable_path/Frameworks",
				);
				MARKETING_VERSION = 1.0;
				PRODUCT_BUNDLE_IDENTIFIER = "com.example.sample-sample.landmark.CoreBlueToothVerification";
				PRODUCT_NAME = "$(TARGET_NAME)";
				SWIFT_EMIT_LOC_STRINGS = YES;
				SWIFT_VERSION = 5.0;
				TARGETED_DEVICE_FAMILY = "1,2";
			};
			name = Debug;
		};
		08D814092D128FEC00C2CD96 /* Release */ = {
			isa = XCBuildConfiguration;
			buildSettings = {
				ASSETCATALOG_COMPILER_APPICON_NAME = AppIcon;
				ASSETCATALOG_COMPILER_GLOBAL_ACCENT_COLOR_NAME = AccentColor;
				CODE_SIGN_STYLE = Automatic;
				CURRENT_PROJECT_VERSION = 1;
				DEVELOPMENT_ASSET_PATHS = "\"CoreBlueToothVerification/Preview Content\"";
				DEVELOPMENT_TEAM = 5285K4Z956;
				ENABLE_PREVIEWS = YES;
				GENERATE_INFOPLIST_FILE = YES;
				INFOPLIST_FILE = "$(SRCROOT)/CoreBlueToothVerification/Info.plist";
				INFOPLIST_KEY_LSApplicationCategoryType = "";
				INFOPLIST_KEY_NSBluetoothAlwaysUsageDescription = "BlueTooth使用します";
				INFOPLIST_KEY_UIApplicationSceneManifest_Generation = YES;
				INFOPLIST_KEY_UIApplicationSupportsIndirectInputEvents = YES;
				INFOPLIST_KEY_UILaunchScreen_Generation = YES;
				INFOPLIST_KEY_UISupportedInterfaceOrientations_iPad = "UIInterfaceOrientationPortrait UIInterfaceOrientationPortraitUpsideDown UIInterfaceOrientationLandscapeLeft UIInterfaceOrientationLandscapeRight";
				INFOPLIST_KEY_UISupportedInterfaceOrientations_iPhone = "UIInterfaceOrientationPortrait UIInterfaceOrientationLandscapeLeft UIInterfaceOrientationLandscapeRight";
				LD_RUNPATH_SEARCH_PATHS = (
					"$(inherited)",
					"@executable_path/Frameworks",
				);
				MARKETING_VERSION = 1.0;
				PRODUCT_BUNDLE_IDENTIFIER = "com.example.sample-sample.landmark.CoreBlueToothVerification";
				PRODUCT_NAME = "$(TARGET_NAME)";
				SWIFT_EMIT_LOC_STRINGS = YES;
				SWIFT_VERSION = 5.0;
				TARGETED_DEVICE_FAMILY = "1,2";
			};
			name = Release;
		};
		08D8140B2D128FEC00C2CD96 /* Debug */ = {
			isa = XCBuildConfiguration;
			buildSettings = {
				BUNDLE_LOADER = "$(TEST_HOST)";
				CODE_SIGN_STYLE = Automatic;
				CURRENT_PROJECT_VERSION = 1;
				DEVELOPMENT_TEAM = 5285K4Z956;
				GENERATE_INFOPLIST_FILE = YES;
				IPHONEOS_DEPLOYMENT_TARGET = 18.0;
				MARKETING_VERSION = 1.0;
				PRODUCT_BUNDLE_IDENTIFIER = "com.example.sample-sample.landmark.CoreBlueToothVerificationTests";
				PRODUCT_NAME = "$(TARGET_NAME)";
				SWIFT_EMIT_LOC_STRINGS = NO;
				SWIFT_VERSION = 5.0;
				TARGETED_DEVICE_FAMILY = "1,2";
				TEST_HOST = "$(BUILT_PRODUCTS_DIR)/CoreBlueToothVerification.app/$(BUNDLE_EXECUTABLE_FOLDER_PATH)/CoreBlueToothVerification";
			};
			name = Debug;
		};
		08D8140C2D128FEC00C2CD96 /* Release */ = {
			isa = XCBuildConfiguration;
			buildSettings = {
				BUNDLE_LOADER = "$(TEST_HOST)";
				CODE_SIGN_STYLE = Automatic;
				CURRENT_PROJECT_VERSION = 1;
				DEVELOPMENT_TEAM = 5285K4Z956;
				GENERATE_INFOPLIST_FILE = YES;
				IPHONEOS_DEPLOYMENT_TARGET = 18.0;
				MARKETING_VERSION = 1.0;
				PRODUCT_BUNDLE_IDENTIFIER = "com.example.sample-sample.landmark.CoreBlueToothVerificationTests";
				PRODUCT_NAME = "$(TARGET_NAME)";
				SWIFT_EMIT_LOC_STRINGS = NO;
				SWIFT_VERSION = 5.0;
				TARGETED_DEVICE_FAMILY = "1,2";
				TEST_HOST = "$(BUILT_PRODUCTS_DIR)/CoreBlueToothVerification.app/$(BUNDLE_EXECUTABLE_FOLDER_PATH)/CoreBlueToothVerification";
			};
			name = Release;
		};
		08D8140E2D128FEC00C2CD96 /* Debug */ = {
			isa = XCBuildConfiguration;
			buildSettings = {
				CODE_SIGN_STYLE = Automatic;
				CURRENT_PROJECT_VERSION = 1;
				DEVELOPMENT_TEAM = 5285K4Z956;
				GENERATE_INFOPLIST_FILE = YES;
				MARKETING_VERSION = 1.0;
				PRODUCT_BUNDLE_IDENTIFIER = "com.example.sample-sample.landmark.CoreBlueToothVerificationUITests";
				PRODUCT_NAME = "$(TARGET_NAME)";
				SWIFT_EMIT_LOC_STRINGS = NO;
				SWIFT_VERSION = 5.0;
				TARGETED_DEVICE_FAMILY = "1,2";
				TEST_TARGET_NAME = CoreBlueToothVerification;
			};
			name = Debug;
		};
		08D8140F2D128FEC00C2CD96 /* Release */ = {
			isa = XCBuildConfiguration;
			buildSettings = {
				CODE_SIGN_STYLE = Automatic;
				CURRENT_PROJECT_VERSION = 1;
				DEVELOPMENT_TEAM = 5285K4Z956;
				GENERATE_INFOPLIST_FILE = YES;
				MARKETING_VERSION = 1.0;
				PRODUCT_BUNDLE_IDENTIFIER = "com.example.sample-sample.landmark.CoreBlueToothVerificationUITests";
				PRODUCT_NAME = "$(TARGET_NAME)";
				SWIFT_EMIT_LOC_STRINGS = NO;
				SWIFT_VERSION = 5.0;
				TARGETED_DEVICE_FAMILY = "1,2";
				TEST_TARGET_NAME = CoreBlueToothVerification;
			};
			name = Release;
		};
/* End XCBuildConfiguration section */

/* Begin XCConfigurationList section */
		08D813DE2D128FE800C2CD96 /* Build configuration list for PBXProject "CoreBlueToothVerification" */ = {
			isa = XCConfigurationList;
			buildConfigurations = (
				08D814052D128FEC00C2CD96 /* Debug */,
				08D814062D128FEC00C2CD96 /* Release */,
			);
			defaultConfigurationIsVisible = 0;
			defaultConfigurationName = Release;
		};
		08D814072D128FEC00C2CD96 /* Build configuration list for PBXNativeTarget "CoreBlueToothVerification" */ = {
			isa = XCConfigurationList;
			buildConfigurations = (
				08D814082D128FEC00C2CD96 /* Debug */,
				08D814092D128FEC00C2CD96 /* Release */,
			);
			defaultConfigurationIsVisible = 0;
			defaultConfigurationName = Release;
		};
		08D8140A2D128FEC00C2CD96 /* Build configuration list for PBXNativeTarget "CoreBlueToothVerificationTests" */ = {
			isa = XCConfigurationList;
			buildConfigurations = (
				08D8140B2D128FEC00C2CD96 /* Debug */,
				08D8140C2D128FEC00C2CD96 /* Release */,
			);
			defaultConfigurationIsVisible = 0;
			defaultConfigurationName = Release;
		};
		08D8140D2D128FEC00C2CD96 /* Build configuration list for PBXNativeTarget "CoreBlueToothVerificationUITests" */ = {
			isa = XCConfigurationList;
			buildConfigurations = (
				08D8140E2D128FEC00C2CD96 /* Debug */,
				08D8140F2D128FEC00C2CD96 /* Release */,
			);
			defaultConfigurationIsVisible = 0;
			defaultConfigurationName = Release;
		};
/* End XCConfigurationList section */
	};
	rootObject = 08D813DB2D128FE800C2CD96 /* Project object */;
}
